
Microsoft Visual Studio Solution File, Format Version 12.00
# Visual Studio Version 17
VisualStudioVersion = 17.0.31903.59
MinimumVisualStudioVersion = 10.0.40219.1
Project("{2150E333-8FDC-42A3-9474-1A3956D46DE8}") = "src", "src", "{827E0CD3-B72D-47B6-A68D-7590B98EB39B}"
EndProject
Project("{FAE04EC0-301F-11D3-BF4B-00C04F79EFBC}") = "RimMult.Shared", "src\RimMult.Shared\RimMult.Shared.csproj", "{CA0872D7-844D-438B-A1F2-272CA585BEAE}"
EndProject
Project("{FAE04EC0-301F-11D3-BF4B-00C04F79EFBC}") = "RimMult.ServerCore", "src\RimMult.ServerCore\RimMult.ServerCore.csproj", "{680B222C-860A-4A15-81AD-7F39AA63AF14}"
EndProject
Project("{FAE04EC0-301F-11D3-BF4B-00C04F79EFBC}") = "RimMult.Server", "src\RimMult.Server\RimMult.Server.csproj", "{628992A9-31D2-468E-8094-02A05EA315D3}"
EndProject
Project("{FAE04EC0-301F-11D3-BF4B-00C04F79EFBC}") = "RimMult.Mod", "src\RimMult.Mod\RimMult.Mod.csproj", "{5C66CBB0-F72A-455D-B56A-6E93C52B1A26}"
EndProject
Project("{2150E333-8FDC-42A3-9474-1A3956D46DE8}") = "tests", "tests", "{0AB3BF05-4346-4AA6-1389-037BE0695223}"
EndProject
Project("{FAE04EC0-301F-11D3-BF4B-00C04F79EFBC}") = "RimMult.Tests", "tests\RimMult.Tests\RimMult.Tests.csproj", "{6F11D978-EDD4-40C7-B613-519CBE1C9BA9}"
EndProject
Project("{FAE04EC0-301F-11D3-BF4B-00C04F79EFBC}") = "RimMult.ClientCore", "src\RimMult.ClientCore\RimMult.ClientCore.csproj", "{7EE8D7A4-D14F-401F-90FE-FB164EEF7267}"
EndProject
Project("{FAE04EC0-301F-11D3-BF4B-00C04F79EFBC}") = "RimMult.Net.LiteNet", "src\RimMult.Net.LiteNet\RimMult.Net.LiteNet.csproj", "{1B236100-0890-48DD-940B-F0F82081AB5F}"
EndProject
Global
	GlobalSection(SolutionConfigurationPlatforms) = preSolution
		Debug|Any CPU = Debug|Any CPU
		Debug|x64 = Debug|x64
		Debug|x86 = Debug|x86
		Release|Any CPU = Release|Any CPU
		Release|x64 = Release|x64
		Release|x86 = Release|x86
	EndGlobalSection
	GlobalSection(ProjectConfigurationPlatforms) = postSolution
		{CA0872D7-844D-438B-A1F2-272CA585BEAE}.Debug|Any CPU.ActiveCfg = Debug|Any CPU
		{CA0872D7-844D-438B-A1F2-272CA585BEAE}.Debug|Any CPU.Build.0 = Debug|Any CPU
		{CA0872D7-844D-438B-A1F2-272CA585BEAE}.Debug|x64.ActiveCfg = Debug|Any CPU
		{CA0872D7-844D-438B-A1F2-272CA585BEAE}.Debug|x64.Build.0 = Debug|Any CPU
		{CA0872D7-844D-438B-A1F2-272CA585BEAE}.Debug|x86.ActiveCfg = Debug|Any CPU
		{CA0872D7-844D-438B-A1F2-272CA585BEAE}.Debug|x86.Build.0 = Debug|Any CPU
		{CA0872D7-844D-438B-A1F2-272CA585BEAE}.Release|Any CPU.ActiveCfg = Release|Any CPU
		{CA0872D7-844D-438B-A1F2-272CA585BEAE}.Release|Any CPU.Build.0 = Release|Any CPU
		{CA0872D7-844D-438B-A1F2-272CA585BEAE}.Release|x64.ActiveCfg = Release|Any CPU
		{CA0872D7-844D-438B-A1F2-272CA585BEAE}.Release|x64.Build.0 = Release|Any CPU
		{CA0872D7-844D-438B-A1F2-272CA585BEAE}.Release|x86.ActiveCfg = Release|Any CPU
		{CA0872D7-844D-438B-A1F2-272CA585BEAE}.Release|x86.Build.0 = Release|Any CPU
		{680B222C-860A-4A15-81AD-7F39AA63AF14}.Debug|Any CPU.ActiveCfg = Debug|Any CPU
		{680B222C-860A-4A15-81AD-7F39AA63AF14}.Debug|Any CPU.Build.0 = Debug|Any CPU
		{680B222C-860A-4A15-81AD-7F39AA63AF14}.Debug|x64.ActiveCfg = Debug|Any CPU
		{680B222C-860A-4A15-81AD-7F39AA63AF14}.Debug|x64.Build.0 = Debug|Any CPU
		{680B222C-860A-4A15-81AD-7F39AA63AF14}.Debug|x86.ActiveCfg = Debug|Any CPU
		{680B222C-860A-4A15-81AD-7F39AA63AF14}.Debug|x86.Build.0 = Debug|Any CPU
		{680B222C-860A-4A15-81AD-7F39AA63AF14}.Release|Any CPU.ActiveCfg = Release|Any CPU
		{680B222C-860A-4A15-81AD-7F39AA63AF14}.Release|Any CPU.Build.0 = Release|Any CPU
		{680B222C-860A-4A15-81AD-7F39AA63AF14}.Release|x64.ActiveCfg = Release|Any CPU
		{680B222C-860A-4A15-81AD-7F39AA63AF14}.Release|x64.Build.0 = Release|Any CPU
		{680B222C-860A-4A15-81AD-7F39AA63AF14}.Release|x86.ActiveCfg = Release|Any CPU
		{680B222C-860A-4A15-81AD-7F39AA63AF14}.Release|x86.Build.0 = Release|Any CPU
		{628992A9-31D2-468E-8094-02A05EA315D3}.Debug|Any CPU.ActiveCfg = Debug|Any CPU
		{628992A9-31D2-468E-8094-02A05EA315D3}.Debug|Any CPU.Build.0 = Debug|Any CPU
		{628992A9-31D2-468E-8094-02A05EA315D3}.Debug|x64.ActiveCfg = Debug|Any CPU
		{628992A9-31D2-468E-8094-02A05EA315D3}.Debug|x64.Build.0 = Debug|Any CPU
		{628992A9-31D2-468E-8094-02A05EA315D3}.Debug|x86.ActiveCfg = Debug|Any CPU
		{628992A9-31D2-468E-8094-02A05EA315D3}.Debug|x86.Build.0 = Debug|Any CPU
		{628992A9-31D2-468E-8094-02A05EA315D3}.Release|Any CPU.ActiveCfg = Release|Any CPU
		{628992A9-31D2-468E-8094-02A05EA315D3}.Release|Any CPU.Build.0 = Release|Any CPU
		{628992A9-31D2-468E-8094-02A05EA315D3}.Release|x64.ActiveCfg = Release|Any CPU
		{628992A9-31D2-468E-8094-02A05EA315D3}.Release|x64.Build.0 = Release|Any CPU
		{628992A9-31D2-468E-8094-02A05EA315D3}.Release|x86.ActiveCfg = Release|Any CPU
		{628992A9-31D2-468E-8094-02A05EA315D3}.Release|x86.Build.0 = Release|Any CPU
		{5C66CBB0-F72A-455D-B56A-6E93C52B1A26}.Debug|Any CPU.ActiveCfg = Debug|Any CPU
		{5C66CBB0-F72A-455D-B56A-6E93C52B1A26}.Debug|Any CPU.Build.0 = Debug|Any CPU
		{5C66CBB0-F72A-455D-B56A-6E93C52B1A26}.Debug|x64.ActiveCfg = Debug|Any CPU
		{5C66CBB0-F72A-455D-B56A-6E93C52B1A26}.Debug|x64.Build.0 = Debug|Any CPU
		{5C66CBB0-F72A-455D-B56A-6E93C52B1A26}.Debug|x86.ActiveCfg = Debug|Any CPU
		{5C66CBB0-F72A-455D-B56A-6E93C52B1A26}.Debug|x86.Build.0 = Debug|Any CPU
		{5C66CBB0-F72A-455D-B56A-6E93C52B1A26}.Release|Any CPU.ActiveCfg = Release|Any CPU
		{5C66CBB0-F72A-455D-B56A-6E93C52B1A26}.Release|Any CPU.Build.0 = Release|Any CPU
		{5C66CBB0-F72A-455D-B56A-6E93C52B1A26}.Release|x64.ActiveCfg = Release|Any CPU
		{5C66CBB0-F72A-455D-B56A-6E93C52B1A26}.Release|x64.Build.0 = Release|Any CPU
		{5C66CBB0-F72A-455D-B56A-6E93C52B1A26}.Release|x86.ActiveCfg = Release|Any CPU
		{5C66CBB0-F72A-455D-B56A-6E93C52B1A26}.Release|x86.Build.0 = Release|Any CPU
		{6F11D978-EDD4-40C7-B613-519CBE1C9BA9}.Debug|Any CPU.ActiveCfg = Debug|Any CPU
		{6F11D978-EDD4-40C7-B613-519CBE1C9BA9}.Debug|Any CPU.Build.0 = Debug|Any CPU
		{6F11D978-EDD4-40C7-B613-519CBE1C9BA9}.Debug|x64.ActiveCfg = Debug|Any CPU
		{6F11D978-EDD4-40C7-B613-519CBE1C9BA9}.Debug|x64.Build.0 = Debug|Any CPU
		{6F11D978-EDD4-40C7-B613-519CBE1C9BA9}.Debug|x86.ActiveCfg = Debug|Any CPU
		{6F11D978-EDD4-40C7-B613-519CBE1C9BA9}.Debug|x86.Build.0 = Debug|Any CPU
		{6F11D978-EDD4-40C7-B613-519CBE1C9BA9}.Release|Any CPU.ActiveCfg = Release|Any CPU
		{6F11D978-EDD4-40C7-B613-519CBE1C9BA9}.Release|Any CPU.Build.0 = Release|Any CPU
		{6F11D978-EDD4-40C7-B613-519CBE1C9BA9}.Release|x64.ActiveCfg = Release|Any CPU
		{6F11D978-EDD4-40C7-B613-519CBE1C9BA9}.Release|x64.Build.0 = Release|Any CPU
		{6F11D978-EDD4-40C7-B613-519CBE1C9BA9}.Release|x86.ActiveCfg = Release|Any CPU
		{6F11D978-EDD4-40C7-B613-519CBE1C9BA9}.Release|x86.Build.0 = Release|Any CPU
		{7EE8D7A4-D14F-401F-90FE-FB164EEF7267}.Debug|Any CPU.ActiveCfg = Debug|Any CPU
		{7EE8D7A4-D14F-401F-90FE-FB164EEF7267}.Debug|Any CPU.Build.0 = Debug|Any CPU
		{7EE8D7A4-D14F-401F-90FE-FB164EEF7267}.Debug|x64.ActiveCfg = Debug|Any CPU
		{7EE8D7A4-D14F-401F-90FE-FB164EEF7267}.Debug|x64.Build.0 = Debug|Any CPU
		{7EE8D7A4-D14F-401F-90FE-FB164EEF7267}.Debug|x86.ActiveCfg = Debug|Any CPU
		{7EE8D7A4-D14F-401F-90FE-FB164EEF7267}.Debug|x86.Build.0 = Debug|Any CPU
		{7EE8D7A4-D14F-401F-90FE-FB164EEF7267}.Release|Any CPU.ActiveCfg = Release|Any CPU
		{7EE8D7A4-D14F-401F-90FE-FB164EEF7267}.Release|Any CPU.Build.0 = Release|Any CPU
		{7EE8D7A4-D14F-401F-90FE-FB164EEF7267}.Release|x64.ActiveCfg = Release|Any CPU
		{7EE8D7A4-D14F-401F-90FE-FB164EEF7267}.Release|x64.Build.0 = Release|Any CPU
		{7EE8D7A4-D14F-401F-90FE-FB164EEF7267}.Release|x86.ActiveCfg = Release|Any CPU
		{7EE8D7A4-D14F-401F-90FE-FB164EEF7267}.Release|x86.Build.0 = Release|Any CPU
		{1B236100-0890-48DD-940B-F0F82081AB5F}.Debug|Any CPU.ActiveCfg = Debug|Any CPU
		{1B236100-0890-48DD-940B-F0F82081AB5F}.Debug|Any CPU.Build.0 = Debug|Any CPU
		{1B236100-0890-48DD-940B-F0F82081AB5F}.Debug|x64.ActiveCfg = Debug|Any CPU
		{1B236100-0890-48DD-940B-F0F82081AB5F}.Debug|x64.Build.0 = Debug|Any CPU
		{1B236100-0890-48DD-940B-F0F82081AB5F}.Debug|x86.ActiveCfg = Debug|Any CPU
		{1B236100-0890-48DD-940B-F0F82081AB5F}.Debug|x86.Build.0 = Debug|Any CPU
		{1B236100-0890-48DD-940B-F0F82081AB5F}.Release|Any CPU.ActiveCfg = Release|Any CPU
		{1B236100-0890-48DD-940B-F0F82081AB5F}.Release|Any CPU.Build.0 = Release|Any CPU
		{1B236100-0890-48DD-940B-F0F82081AB5F}.Release|x64.ActiveCfg = Release|Any CPU
		{1B236100-0890-48DD-940B-F0F82081AB5F}.Release|x64.Build.0 = Release|Any CPU
		{1B236100-0890-48DD-940B-F0F82081AB5F}.Release|x86.ActiveCfg = Release|Any CPU
		{1B236100-0890-48DD-940B-F0F82081AB5F}.Release|x86.Build.0 = Release|Any CPU
	EndGlobalSection
	GlobalSection(SolutionProperties) = preSolution
		HideSolutionNode = FALSE
	EndGlobalSection
	GlobalSection(NestedProjects) = preSolution
		{CA0872D7-844D-438B-A1F2-272CA585BEAE} = {827E0CD3-B72D-47B6-A68D-7590B98EB39B}
		{680B222C-860A-4A15-81AD-7F39AA63AF14} = {827E0CD3-B72D-47B6-A68D-7590B98EB39B}
		{628992A9-31D2-468E-8094-02A05EA315D3} = {827E0CD3-B72D-47B6-A68D-7590B98EB39B}
		{5C66CBB0-F72A-455D-B56A-6E93C52B1A26} = {827E0CD3-B72D-47B6-A68D-7590B98EB39B}
		{6F11D978-EDD4-40C7-B613-519CBE1C9BA9} = {0AB3BF05-4346-4AA6-1389-037BE0695223}
		{7EE8D7A4-D14F-401F-90FE-FB164EEF7267} = {827E0CD3-B72D-47B6-A68D-7590B98EB39B}
		{1B236100-0890-48DD-940B-F0F82081AB5F} = {827E0CD3-B72D-47B6-A68D-7590B98EB39B}
	EndGlobalSection
EndGlobal
